<?xml version="1.0" encoding="utf-8"?>
<Project ToolsVersion="4.0" xmlns="http://schemas.microsoft.com/developer/msbuild/2003">
  <ItemGroup>
    <ClCompile Include="ClassFactory.cpp" />
    <ClCompile Include="dllmain.cpp" />
    <ClCompile Include="InvisiShellProfiler.cpp" />
  </ItemGroup>
  <ItemGroup>
    <ClInclude Include="ClassFactory.h" />
    <ClInclude Include="HookData.h" />
    <ClInclude Include="InvisiShellProfiler.h" />
    <ClInclude Include="CComPtr.h" />
  </ItemGroup>
  <ItemGroup>
    <None Include="InvisiShellProfiler.def" />
  </ItemGroup>
</Project>